
Microsoft Visual Studio Solution File, Format Version 12.00
# Visual Studio Version 17
VisualStudioVersion = 17.8.34525.116
MinimumVisualStudioVersion = 10.0.40219.1
Project("{FAE04EC0-301F-11D3-BF4B-00C04F79EFBC}") = "CC.UmbracoStarter.Api", "CC.UmbracoStarter.Api\CC.UmbracoStarter.Api.csproj", "{C1E98836-B393-678F-BD69-1F9C57FDD239}"
EndProject
Global
	GlobalSection(SolutionConfigurationPlatforms) = preSolution
		Debug|Any CPU = Debug|Any CPU
		Release|Any CPU = Release|Any CPU
	EndGlobalSection
	GlobalSection(ProjectConfigurationPlatforms) = postSolution
		{C1E98836-B393-678F-BD69-1F9C57FDD239}.Debug|Any CPU.ActiveCfg = Debug|Any CPU
		{C1E98836-B393-678F-BD69-1F9C57FDD239}.Debug|Any CPU.Build.0 = Debug|Any CPU
		{C1E98836-B393-678F-BD69-1F9C57FDD239}.Release|Any CPU.ActiveCfg = Release|Any CPU
		{C1E98836-B393-678F-BD69-1F9C57FDD239}.Release|Any CPU.Build.0 = Release|Any CPU
	EndGlobalSection
	GlobalSection(SolutionProperties) = preSolution
		HideSolutionNode = FALSE
	EndGlobalSection
	GlobalSection(ExtensibilityGlobals) = postSolution
		SolutionGuid = {90E8BDF8-87E2-4CCA-B36E-1F3E16A243A0}
	EndGlobalSection
EndGlobal
